// !$*UTF8*$!
{
	archiveVersion = 1;
	classes = {
	};
	objectVersion = 77;
	objects = {

/* Begin PBXContainerItemProxy section */
		CD9B7B722DB7EC3A002AAF52 /* PBXContainerItemProxy */ = {
			isa = PBXContainerItemProxy;
			containerPortal = CD9B7B5C2DB7EC38002AAF52 /* Project object */;
			proxyType = 1;
			remoteGlobalIDString = CD9B7B632DB7EC38002AAF52;
			remoteInfo = MotivationQuotes;
		};
		CD9B7B7C2DB7EC3A002AAF52 /* PBXContainerItemProxy */ = {
			isa = PBXContainerItemProxy;
			containerPortal = CD9B7B5C2DB7EC38002AAF52 /* Project object */;
			proxyType = 1;
			remoteGlobalIDString = CD9B7B632DB7EC38002AAF52;
			remoteInfo = MotivationQuotes;
		};
/* End PBXContainerItemProxy section */

/* Begin PBXFileReference section */
		CD9B7B642DB7EC38002AAF52 /* MotivationQuotes.app */ = {isa = PBXFileReference; explicitFileType = wrapper.application; includeInIndex = 0; path = MotivationQuotes.app; sourceTree = BUILT_PRODUCTS_DIR; };
		CD9B7B712DB7EC3A002AAF52 /* MotivationQuotesTests.xctest */ = {isa = PBXFileReference; explicitFileType = wrapper.cfbundle; includeInIndex = 0; path = MotivationQuotesTests.xctest; sourceTree = BUILT_PRODUCTS_DIR; };
		CD9B7B7B2DB7EC3A002AAF52 /* MotivationQuotesUITests.xctest */ = {isa = PBXFileReference; explicitFileType = wrapper.cfbundle; includeInIndex = 0; path = MotivationQuotesUITests.xctest; sourceTree = BUILT_PRODUCTS_DIR; };
/* End PBXFileReference section */

/* Begin PBXFileSystemSynchronizedRootGroup section */
		CD9B7B662DB7EC38002AAF52 /* MotivationQuotes */ = {
			isa = PBXFileSystemSynchronizedRootGroup;
			path = MotivationQuotes;
			sourceTree = "<group>";
		};
		CD9B7B742DB7EC3A002AAF52 /* MotivationQuotesTests */ = {
			isa = PBXFileSystemSynchronizedRootGroup;
			path = MotivationQuotesTests;
			sourceTree = "<group>";
		};
		CD9B7B7E2DB7EC3A002AAF52 /* MotivationQuotesUITests */ = {
			isa = PBXFileSystemSynchronizedRootGroup;
			path = MotivationQuotesUITests;
			sourceTree = "<group>";
		};
/* End PBXFileSystemSynchronizedRootGroup section */

/* Begin PBXFrameworksBuildPhase section */
		CD9B7B612DB7EC38002AAF52 /* Frameworks */ = {
			isa = PBXFrameworksBuildPhase;
			buildActionMask = 2147483647;
			files = (
			);
			runOnlyForDeploymentPostprocessing = 0;
		};
		CD9B7B6E2DB7EC3A002AAF52 /* Frameworks */ = {
			isa = PBXFrameworksBuildPhase;
			buildActionMask = 2147483647;
			files = (
			);
			runOnlyForDeploymentPostprocessing = 0;
		};
		CD9B7B782DB7EC3A002AAF52 /* Frameworks */ = {
			isa = PBXFrameworksBuildPhase;
			buildActionMask = 2147483647;
			files = (
			);
			runOnlyForDeploymentPostprocessing = 0;
		};
/* End PBXFrameworksBuildPhase section */

/* Begin PBXGroup section */
		CD9B7B5B2DB7EC38002AAF52 = {
			isa = PBXGroup;
			children = (
				CD9B7B662DB7EC38002AAF52 /* MotivationQuotes */,
				CD9B7B742DB7EC3A002AAF52 /* MotivationQuotesTests */,
				CD9B7B7E2DB7EC3A002AAF52 /* MotivationQuotesUITests */,
				CD9B7B652DB7EC38002AAF52 /* Products */,
			);
			sourceTree = "<group>";
		};
		CD9B7B652DB7EC38002AAF52 /* Products */ = {
			isa = PBXGroup;
			children = (
				CD9B7B642DB7EC38002AAF52 /* MotivationQuotes.app */,
				CD9B7B712DB7EC3A002AAF52 /* MotivationQuotesTests.xctest */,
				CD9B7B7B2DB7EC3A002AAF52 /* MotivationQuotesUITests.xctest */,
			);
			name = Products;
			sourceTree = "<group>";
		};
/* End PBXGroup section */

/* Begin PBXNativeTarget section */
		CD9B7B632DB7EC38002AAF52 /* MotivationQuotes */ = {
			isa = PBXNativeTarget;
			buildConfigurationList = CD9B7B852DB7EC3A002AAF52 /* Build configuration list for PBXNativeTarget "MotivationQuotes" */;
			buildPhases = (
				CD9B7B602DB7EC38002AAF52 /* Sources */,
				CD9B7B612DB7EC38002AAF52 /* Frameworks */,
				CD9B7B622DB7EC38002AAF52 /* Resources */,
			);
			buildRules = (
			);
			dependencies = (
			);
			fileSystemSynchronizedGroups = (
				CD9B7B662DB7EC38002AAF52 /* MotivationQuotes */,
			);
			name = MotivationQuotes;
			packageProductDependencies = (
			);
			productName = MotivationQuotes;
			productReference = CD9B7B642DB7EC38002AAF52 /* MotivationQuotes.app */;
			productType = "com.apple.product-type.application";
		};
		CD9B7B702DB7EC3A002AAF52 /* MotivationQuotesTests */ = {
			isa = PBXNativeTarget;
			buildConfigurationList = CD9B7B882DB7EC3A002AAF52 /* Build configuration list for PBXNativeTarget "MotivationQuotesTests" */;
			buildPhases = (
				CD9B7B6D2DB7EC3A002AAF52 /* Sources */,
				CD9B7B6E2DB7EC3A002AAF52 /* Frameworks */,
				CD9B7B6F2DB7EC3A002AAF52 /* Resources */,
			);
			buildRules = (
			);
			dependencies = (
				CD9B7B732DB7EC3A002AAF52 /* PBXTargetDependency */,
			);
			fileSystemSynchronizedGroups = (
				CD9B7B742DB7EC3A002AAF52 /* MotivationQuotesTests */,
			);
			name = MotivationQuotesTests;
			packageProductDependencies = (
			);
			productName = MotivationQuotesTests;
			productReference = CD9B7B712DB7EC3A002AAF52 /* MotivationQuotesTests.xctest */;
			productType = "com.apple.product-type.bundle.unit-test";
		};
		CD9B7B7A2DB7EC3A002AAF52 /* MotivationQuotesUITests */ = {
			isa = PBXNativeTarget;
			buildConfigurationList = CD9B7B8B2DB7EC3A002AAF52 /* Build configuration list for PBXNativeTarget "MotivationQuotesUITests" */;
			buildPhases = (
				CD9B7B772DB7EC3A002AAF52 /* Sources */,
				CD9B7B782DB7EC3A002AAF52 /* Frameworks */,
				CD9B7B792DB7EC3A002AAF52 /* Resources */,
			);
			buildRules = (
			);
			dependencies = (
				CD9B7B7D2DB7EC3A002AAF52 /* PBXTargetDependency */,
			);
			fileSystemSynchronizedGroups = (
				CD9B7B7E2DB7EC3A002AAF52 /* MotivationQuotesUITests */,
			);
			name = MotivationQuotesUITests;
			packageProductDependencies = (
			);
			productName = MotivationQuotesUITests;
			productReference = CD9B7B7B2DB7EC3A002AAF52 /* MotivationQuotesUITests.xctest */;
			productType = "com.apple.product-type.bundle.ui-testing";
		};
/* End PBXNativeTarget section */

/* Begin PBXProject section */
		CD9B7B5C2DB7EC38002AAF52 /* Project object */ = {
			isa = PBXProject;
			attributes = {
				BuildIndependentTargetsInParallel = 1;
				LastSwiftUpdateCheck = 1630;
				LastUpgradeCheck = 1630;
				TargetAttributes = {
					CD9B7B632DB7EC38002AAF52 = {
						CreatedOnToolsVersion = 16.3;
					};
					CD9B7B702DB7EC3A002AAF52 = {
						CreatedOnToolsVersion = 16.3;
						TestTargetID = CD9B7B632DB7EC38002AAF52;
					};
					CD9B7B7A2DB7EC3A002AAF52 = {
						CreatedOnToolsVersion = 16.3;
						TestTargetID = CD9B7B632DB7EC38002AAF52;
					};
				};
			};
			buildConfigurationList = CD9B7B5F2DB7EC38002AAF52 /* Build configuration list for PBXProject "MotivationQuotes" */;
			developmentRegion = en;
			hasScannedForEncodings = 0;
			knownRegions = (
				en,
				Base,
			);
			mainGroup = CD9B7B5B2DB7EC38002AAF52;
			minimizedProjectReferenceProxies = 1;
			preferredProjectObjectVersion = 77;
			productRefGroup = CD9B7B652DB7EC38002AAF52 /* Products */;
			projectDirPath = "";
			projectRoot = "";
			targets = (
				CD9B7B632DB7EC38002AAF52 /* MotivationQuotes */,
				CD9B7B702DB7EC3A002AAF52 /* MotivationQuotesTests */,
				CD9B7B7A2DB7EC3A002AAF52 /* MotivationQuotesUITests */,
			);
		};
/* End PBXProject section */

/* Begin PBXResourcesBuildPhase section */
		CD9B7B622DB7EC38002AAF52 /* Resources */ = {
			isa = PBXResourcesBuildPhase;
			buildActionMask = 2147483647;
			files = (
			);
			runOnlyForDeploymentPostprocessing = 0;
		};
		CD9B7B6F2DB7EC3A002AAF52 /* Resources */ = {
			isa = PBXResourcesBuildPhase;
			buildActionMask = 2147483647;
			files = (
			);
			runOnlyForDeploymentPostprocessing = 0;
		};
		CD9B7B792DB7EC3A002AAF52 /* Resources */ = {
			isa = PBXResourcesBuildPhase;
			buildActionMask = 2147483647;
			files = (
			);
			runOnlyForDeploymentPostprocessing = 0;
		};
/* End PBXResourcesBuildPhase section */

/* Begin PBXSourcesBuildPhase section */
		CD9B7B602DB7EC38002AAF52 /* Sources */ = {
			isa = PBXSourcesBuildPhase;
			buildActionMask = 2147483647;
			files = (
			);
			runOnlyForDeploymentPostprocessing = 0;
		};
		CD9B7B6D2DB7EC3A002AAF52 /* Sources */ = {
			isa = PBXSourcesBuildPhase;
			buildActionMask = 2147483647;
			files = (
			);
			runOnlyForDeploymentPostprocessing = 0;
		};
		CD9B7B772DB7EC3A002AAF52 /* Sources */ = {
			isa = PBXSourcesBuildPhase;
			buildActionMask = 2147483647;
			files = (
			);
			runOnlyForDeploymentPostprocessing = 0;
		};
/* End PBXSourcesBuildPhase section */

/* Begin PBXTargetDependency section */
		CD9B7B732DB7EC3A002AAF52 /* PBXTargetDependency */ = {
			isa = PBXTargetDependency;
			target = CD9B7B632DB7EC38002AAF52 /* MotivationQuotes */;
			targetProxy = CD9B7B722DB7EC3A002AAF52 /* PBXContainerItemProxy */;
		};
		CD9B7B7D2DB7EC3A002AAF52 /* PBXTargetDependency */ = {
			isa = PBXTargetDependency;
			target = CD9B7B632DB7EC38002AAF52 /* MotivationQuotes */;
			targetProxy = CD9B7B7C2DB7EC3A002AAF52 /* PBXContainerItemProxy */;
		};
/* End PBXTargetDependency section */

/* Begin XCBuildConfiguration section */
		CD9B7B832DB7EC3A002AAF52 /* Debug */ = {
			isa = XCBuildConfiguration;
			buildSettings = {
				ALWAYS_SEARCH_USER_PATHS = NO;
				ASSETCATALOG_COMPILER_GENERATE_SWIFT_ASSET_SYMBOL_EXTENSIONS = YES;
				CLANG_ANALYZER_NONNULL = YES;
				CLANG_ANALYZER_NUMBER_OBJECT_CONVERSION = YES_AGGRESSIVE;
				CLANG_CXX_LANGUAGE_STANDARD = "gnu++20";
				CLANG_ENABLE_MODULES = YES;
				CLANG_ENABLE_OBJC_ARC = YES;
				CLANG_ENABLE_OBJC_WEAK = YES;
				CLANG_WARN_BLOCK_CAPTURE_AUTORELEASING = YES;
				CLANG_WARN_BOOL_CONVERSION = YES;
				CLANG_WARN_COMMA = YES;
				CLANG_WARN_CONSTANT_CONVERSION = YES;
				CLANG_WARN_DEPRECATED_OBJC_IMPLEMENTATIONS = YES;
				CLANG_WARN_DIRECT_OBJC_ISA_USAGE = YES_ERROR;
				CLANG_WARN_DOCUMENTATION_COMMENTS = YES;
				CLANG_WARN_EMPTY_BODY = YES;
				CLANG_WARN_ENUM_CONVERSION = YES;
				CLANG_WARN_INFINITE_RECURSION = YES;
				CLANG_WARN_INT_CONVERSION = YES;
				CLANG_WARN_NON_LITERAL_NULL_CONVERSION = YES;
				CLANG_WARN_OBJC_IMPLICIT_RETAIN_SELF = YES;
				CLANG_WARN_OBJC_LITERAL_CONVERSION = YES;
				CLANG_WARN_OBJC_ROOT_CLASS = YES_ERROR;
				CLANG_WARN_QUOTED_INCLUDE_IN_FRAMEWORK_HEADER = YES;
				CLANG_WARN_RANGE_LOOP_ANALYSIS = YES;
				CLANG_WARN_STRICT_PROTOTYPES = YES;
				CLANG_WARN_SUSPICIOUS_MOVE = YES;
				CLANG_WARN_UNGUARDED_AVAILABILITY = YES_AGGRESSIVE;
				CLANG_WARN_UNREACHABLE_CODE = YES;
				CLANG_WARN__DUPLICATE_METHOD_MATCH = YES;
				COPY_PHASE_STRIP = NO;
				DEBUG_INFORMATION_FORMAT = dwarf;
				ENABLE_STRICT_OBJC_MSGSEND = YES;
				ENABLE_TESTABILITY = YES;
				ENABLE_USER_SCRIPT_SANDBOXING = YES;
				GCC_C_LANGUAGE_STANDARD = gnu17;
				GCC_DYNAMIC_NO_PIC = NO;
				GCC_NO_COMMON_BLOCKS = YES;
				GCC_OPTIMIZATION_LEVEL = 0;
				GCC_PREPROCESSOR_DEFINITIONS = (
					"DEBUG=1",
					"$(inherited)",
				);
				GCC_WARN_64_TO_32_BIT_CONVERSION = YES;
				GCC_WARN_ABOUT_RETURN_TYPE = YES_ERROR;
				GCC_WARN_UNDECLARED_SELECTOR = YES;
				GCC_WARN_UNINITIALIZED_AUTOS = YES_AGGRESSIVE;
				GCC_WARN_UNUSED_FUNCTION = YES;
				GCC_WARN_UNUSED_VARIABLE = YES;
				IPHONEOS_DEPLOYMENT_TARGET = 18.4;
				LOCALIZATION_PREFERS_STRING_CATALOGS = YES;
				MTL_ENABLE_DEBUG_INFO = INCLUDE_SOURCE;
				MTL_FAST_MATH = YES;
				ONLY_ACTIVE_ARCH = YES;
				SDKROOT = iphoneos;
				SWIFT_ACTIVE_COMPILATION_CONDITIONS = "DEBUG $(inherited)";
				SWIFT_OPTIMIZATION_LEVEL = "-Onone";
			};
			name = Debug;
		};
		CD9B7B842DB7EC3A002AAF52 /* Release */ = {
			isa = XCBuildConfiguration;
			buildSettings = {
				ALWAYS_SEARCH_USER_PATHS = NO;
				ASSETCATALOG_COMPILER_GENERATE_SWIFT_ASSET_SYMBOL_EXTENSIONS = YES;
				CLANG_ANALYZER_NONNULL = YES;
				CLANG_ANALYZER_NUMBER_OBJECT_CONVERSION = YES_AGGRESSIVE;
				CLANG_CXX_LANGUAGE_STANDARD = "gnu++20";
				CLANG_ENABLE_MODULES = YES;
				CLANG_ENABLE_OBJC_ARC = YES;
				CLANG_ENABLE_OBJC_WEAK = YES;
				CLANG_WARN_BLOCK_CAPTURE_AUTORELEASING = YES;
				CLANG_WARN_BOOL_CONVERSION = YES;
				CLANG_WARN_COMMA = YES;
				CLANG_WARN_CONSTANT_CONVERSION = YES;
				CLANG_WARN_DEPRECATED_OBJC_IMPLEMENTATIONS = YES;
				CLANG_WARN_DIRECT_OBJC_ISA_USAGE = YES_ERROR;
				CLANG_WARN_DOCUMENTATION_COMMENTS = YES;
				CLANG_WARN_EMPTY_BODY = YES;
				CLANG_WARN_ENUM_CONVERSION = YES;
				CLANG_WARN_INFINITE_RECURSION = YES;
				CLANG_WARN_INT_CONVERSION = YES;
				CLANG_WARN_NON_LITERAL_NULL_CONVERSION = YES;
				CLANG_WARN_OBJC_IMPLICIT_RETAIN_SELF = YES;
				CLANG_WARN_OBJC_LITERAL_CONVERSION = YES;
				CLANG_WARN_OBJC_ROOT_CLASS = YES_ERROR;
				CLANG_WARN_QUOTED_INCLUDE_IN_FRAMEWORK_HEADER = YES;
				CLANG_WARN_RANGE_LOOP_ANALYSIS = YES;
				CLANG_WARN_STRICT_PROTOTYPES = YES;
				CLANG_WARN_SUSPICIOUS_MOVE = YES;
				CLANG_WARN_UNGUARDED_AVAILABILITY = YES_AGGRESSIVE;
				CLANG_WARN_UNREACHABLE_CODE = YES;
				CLANG_WARN__DUPLICATE_METHOD_MATCH = YES;
				COPY_PHASE_STRIP = NO;
				DEBUG_INFORMATION_FORMAT = "dwarf-with-dsym";
				ENABLE_NS_ASSERTIONS = NO;
				ENABLE_STRICT_OBJC_MSGSEND = YES;
				ENABLE_USER_SCRIPT_SANDBOXING = YES;
				GCC_C_LANGUAGE_STANDARD = gnu17;
				GCC_NO_COMMON_BLOCKS = YES;
				GCC_WARN_64_TO_32_BIT_CONVERSION = YES;
				GCC_WARN_ABOUT_RETURN_TYPE = YES_ERROR;
				GCC_WARN_UNDECLARED_SELECTOR = YES;
				GCC_WARN_UNINITIALIZED_AUTOS = YES_AGGRESSIVE;
				GCC_WARN_UNUSED_FUNCTION = YES;
				GCC_WARN_UNUSED_VARIABLE = YES;
				IPHONEOS_DEPLOYMENT_TARGET = 18.4;
				LOCALIZATION_PREFERS_STRING_CATALOGS = YES;
				MTL_ENABLE_DEBUG_INFO = NO;
				MTL_FAST_MATH = YES;
				SDKROOT = iphoneos;
				SWIFT_COMPILATION_MODE = wholemodule;
				VALIDATE_PRODUCT = YES;
			};
			name = Release;
		};
		CD9B7B862DB7EC3A002AAF52 /* Debug */ = {
			isa = XCBuildConfiguration;
			buildSettings = {
				ASSETCATALOG_COMPILER_APPICON_NAME = AppIcon;
				ASSETCATALOG_COMPILER_GLOBAL_ACCENT_COLOR_NAME = AccentColor;
				CODE_SIGN_STYLE = Automatic;
				CURRENT_PROJECT_VERSION = 1;
				ENABLE_PREVIEWS = YES;
				GENERATE_INFOPLIST_FILE = YES;
				INFOPLIST_KEY_UIApplicationSceneManifest_Generation = YES;
				INFOPLIST_KEY_UIApplicationSupportsIndirectInputEvents = YES;
				INFOPLIST_KEY_UILaunchScreen_Generation = YES;
				INFOPLIST_KEY_UISupportedInterfaceOrientations_iPad = "UIInterfaceOrientationPortrait UIInterfaceOrientationPortraitUpsideDown UIInterfaceOrientationLandscapeLeft UIInterfaceOrientationLandscapeRight";
				INFOPLIST_KEY_UISupportedInterfaceOrientations_iPhone = "UIInterfaceOrientationPortrait UIInterfaceOrientationLandscapeLeft UIInterfaceOrientationLandscapeRight";
				LD_RUNPATH_SEARCH_PATHS = (
					"$(inherited)",
					"@executable_path/Frameworks",
				);
				MARKETING_VERSION = 1.0;
				PRODUCT_BUNDLE_IDENTIFIER = missy.MotivationQuotes;
				PRODUCT_NAME = "$(TARGET_NAME)";
				SWIFT_EMIT_LOC_STRINGS = YES;
				SWIFT_VERSION = 5.0;
				TARGETED_DEVICE_FAMILY = "1,2";
			};
			name = Debug;
		};
		CD9B7B872DB7EC3A002AAF52 /* Release */ = {
			isa = XCBuildConfiguration;
			buildSettings = {
				ASSETCATALOG_COMPILER_APPICON_NAME = AppIcon;
				ASSETCATALOG_COMPILER_GLOBAL_ACCENT_COLOR_NAME = AccentColor;
				CODE_SIGN_STYLE = Automatic;
				CURRENT_PROJECT_VERSION = 1;
				ENABLE_PREVIEWS = YES;
				GENERATE_INFOPLIST_FILE = YES;
				INFOPLIST_KEY_UIApplicationSceneManifest_Generation = YES;
				INFOPLIST_KEY_UIApplicationSupportsIndirectInputEvents = YES;
				INFOPLIST_KEY_UILaunchScreen_Generation = YES;
				INFOPLIST_KEY_UISupportedInterfaceOrientations_iPad = "UIInterfaceOrientationPortrait UIInterfaceOrientationPortraitUpsideDown UIInterfaceOrientationLandscapeLeft UIInterfaceOrientationLandscapeRight";
				INFOPLIST_KEY_UISupportedInterfaceOrientations_iPhone = "UIInterfaceOrientationPortrait UIInterfaceOrientationLandscapeLeft UIInterfaceOrientationLandscapeRight";
				LD_RUNPATH_SEARCH_PATHS = (
					"$(inherited)",
					"@executable_path/Frameworks",
				);
				MARKETING_VERSION = 1.0;
				PRODUCT_BUNDLE_IDENTIFIER = missy.MotivationQuotes;
				PRODUCT_NAME = "$(TARGET_NAME)";
				SWIFT_EMIT_LOC_STRINGS = YES;
				SWIFT_VERSION = 5.0;
				TARGETED_DEVICE_FAMILY = "1,2";
			};
			name = Release;
		};
		CD9B7B892DB7EC3A002AAF52 /* Debug */ = {
			isa = XCBuildConfiguration;
			buildSettings = {
				BUNDLE_LOADER = "$(TEST_HOST)";
				CODE_SIGN_STYLE = Automatic;
				CURRENT_PROJECT_VERSION = 1;
				GENERATE_INFOPLIST_FILE = YES;
				IPHONEOS_DEPLOYMENT_TARGET = 18.4;
				MARKETING_VERSION = 1.0;
				PRODUCT_BUNDLE_IDENTIFIER = missy.MotivationQuotesTests;
				PRODUCT_NAME = "$(TARGET_NAME)";
				SWIFT_EMIT_LOC_STRINGS = NO;
				SWIFT_VERSION = 5.0;
				TARGETED_DEVICE_FAMILY = "1,2";
				TEST_HOST = "$(BUILT_PRODUCTS_DIR)/MotivationQuotes.app/$(BUNDLE_EXECUTABLE_FOLDER_PATH)/MotivationQuotes";
			};
			name = Debug;
		};
		CD9B7B8A2DB7EC3A002AAF52 /* Release */ = {
			isa = XCBuildConfiguration;
			buildSettings = {
				BUNDLE_LOADER = "$(TEST_HOST)";
				CODE_SIGN_STYLE = Automatic;
				CURRENT_PROJECT_VERSION = 1;
				GENERATE_INFOPLIST_FILE = YES;
				IPHONEOS_DEPLOYMENT_TARGET = 18.4;
				MARKETING_VERSION = 1.0;
				PRODUCT_BUNDLE_IDENTIFIER = missy.MotivationQuotesTests;
				PRODUCT_NAME = "$(TARGET_NAME)";
				SWIFT_EMIT_LOC_STRINGS = NO;
				SWIFT_VERSION = 5.0;
				TARGETED_DEVICE_FAMILY = "1,2";
				TEST_HOST = "$(BUILT_PRODUCTS_DIR)/MotivationQuotes.app/$(BUNDLE_EXECUTABLE_FOLDER_PATH)/MotivationQuotes";
			};
			name = Release;
		};
		CD9B7B8C2DB7EC3A002AAF52 /* Debug */ = {
			isa = XCBuildConfiguration;
			buildSettings = {
				CODE_SIGN_STYLE = Automatic;
				CURRENT_PROJECT_VERSION = 1;
				GENERATE_INFOPLIST_FILE = YES;
				MARKETING_VERSION = 1.0;
				PRODUCT_BUNDLE_IDENTIFIER = missy.MotivationQuotesUITests;
				PRODUCT_NAME = "$(TARGET_NAME)";
				SWIFT_EMIT_LOC_STRINGS = NO;
				SWIFT_VERSION = 5.0;
				TARGETED_DEVICE_FAMILY = "1,2";
				TEST_TARGET_NAME = MotivationQuotes;
			};
			name = Debug;
		};
		CD9B7B8D2DB7EC3A002AAF52 /* Release */ = {
			isa = XCBuildConfiguration;
			buildSettings = {
				CODE_SIGN_STYLE = Automatic;
				CURRENT_PROJECT_VERSION = 1;
				GENERATE_INFOPLIST_FILE = YES;
				MARKETING_VERSION = 1.0;
				PRODUCT_BUNDLE_IDENTIFIER = missy.MotivationQuotesUITests;
				PRODUCT_NAME = "$(TARGET_NAME)";
				SWIFT_EMIT_LOC_STRINGS = NO;
				SWIFT_VERSION = 5.0;
				TARGETED_DEVICE_FAMILY = "1,2";
				TEST_TARGET_NAME = MotivationQuotes;
			};
			name = Release;
		};
/* End XCBuildConfiguration section */

/* Begin XCConfigurationList section */
		CD9B7B5F2DB7EC38002AAF52 /* Build configuration list for PBXProject "MotivationQuotes" */ = {
			isa = XCConfigurationList;
			buildConfigurations = (
				CD9B7B832DB7EC3A002AAF52 /* Debug */,
				CD9B7B842DB7EC3A002AAF52 /* Release */,
			);
			defaultConfigurationIsVisible = 0;
			defaultConfigurationName = Release;
		};
		CD9B7B852DB7EC3A002AAF52 /* Build configuration list for PBXNativeTarget "MotivationQuotes" */ = {
			isa = XCConfigurationList;
			buildConfigurations = (
				CD9B7B862DB7EC3A002AAF52 /* Debug */,
				CD9B7B872DB7EC3A002AAF52 /* Release */,
			);
			defaultConfigurationIsVisible = 0;
			defaultConfigurationName = Release;
		};
		CD9B7B882DB7EC3A002AAF52 /* Build configuration list for PBXNativeTarget "MotivationQuotesTests" */ = {
			isa = XCConfigurationList;
			buildConfigurations = (
				CD9B7B892DB7EC3A002AAF52 /* Debug */,
				CD9B7B8A2DB7EC3A002AAF52 /* Release */,
			);
			defaultConfigurationIsVisible = 0;
			defaultConfigurationName = Release;
		};
		CD9B7B8B2DB7EC3A002AAF52 /* Build configuration list for PBXNativeTarget "MotivationQuotesUITests" */ = {
			isa = XCConfigurationList;
			buildConfigurations = (
				CD9B7B8C2DB7EC3A002AAF52 /* Debug */,
				CD9B7B8D2DB7EC3A002AAF52 /* Release */,
			);
			defaultConfigurationIsVisible = 0;
			defaultConfigurationName = Release;
		};
/* End XCConfigurationList section */
	};
	rootObject = CD9B7B5C2DB7EC38002AAF52 /* Project object */;
}
